
Microsoft Visual Studio Solution File, Format Version 12.00
# Visual Studio 15
VisualStudioVersion = 15.0.28010.2036
MinimumVisualStudioVersion = 10.0.40219.1
Project("{FAE04EC0-301F-11D3-BF4B-00C04F79EFBC}") = "BookList_Razor", "BookList_Razor\BookList_Razor.csproj", "{3A5A2B00-9439-49E4-B806-C71B250A86B3}"
EndProject
Global
	GlobalSection(SolutionConfigurationPlatforms) = preSolution
		Debug|Any CPU = Debug|Any CPU
		Release|Any CPU = Release|Any CPU
	EndGlobalSection
	GlobalSection(ProjectConfigurationPlatforms) = postSolution
		{3A5A2B00-9439-49E4-B806-C71B250A86B3}.Debug|Any CPU.ActiveCfg = Debug|Any CPU
		{3A5A2B00-9439-49E4-B806-C71B250A86B3}.Debug|Any CPU.Build.0 = Debug|Any CPU
		{3A5A2B00-9439-49E4-B806-C71B250A86B3}.Release|Any CPU.ActiveCfg = Release|Any CPU
		{3A5A2B00-9439-49E4-B806-C71B250A86B3}.Release|Any CPU.Build.0 = Release|Any CPU
	EndGlobalSection
	GlobalSection(SolutionProperties) = preSolution
		HideSolutionNode = FALSE
	EndGlobalSection
	GlobalSection(ExtensibilityGlobals) = postSolution
		SolutionGuid = {ED836266-BD46-42BD-9D1A-B37F471F1F29}
	EndGlobalSection
EndGlobal
